
Microsoft Visual Studio Solution File, Format Version 12.00
# Visual Studio 2013
VisualStudioVersion = 12.0.31101.0
MinimumVisualStudioVersion = 10.0.40219.1
Project("{F184B08F-C81C-45F6-A57F-5ABD9991F28F}") = "helloWorld", "helloWorld\helloWorld.vbproj", "{818F5AE1-D2A3-47EC-A6FF-640D1AA37D9B}"
EndProject
Global
	GlobalSection(SolutionConfigurationPlatforms) = preSolution
		Debug|Any CPU = Debug|Any CPU
		Release|Any CPU = Release|Any CPU
	EndGlobalSection
	GlobalSection(ProjectConfigurationPlatforms) = postSolution
		{818F5AE1-D2A3-47EC-A6FF-640D1AA37D9B}.Debug|Any CPU.ActiveCfg = Debug|Any CPU
		{818F5AE1-D2A3-47EC-A6FF-640D1AA37D9B}.Debug|Any CPU.Build.0 = Debug|Any CPU
		{818F5AE1-D2A3-47EC-A6FF-640D1AA37D9B}.Release|Any CPU.ActiveCfg = Release|Any CPU
		{818F5AE1-D2A3-47EC-A6FF-640D1AA37D9B}.Release|Any CPU.Build.0 = Release|Any CPU
	EndGlobalSection
	GlobalSection(SolutionProperties) = preSolution
		HideSolutionNode = FALSE
	EndGlobalSection
EndGlobal
